
Microsoft Visual Studio Solution File, Format Version 12.00
# Visual Studio 15
VisualStudioVersion = 15.0.28010.2019
MinimumVisualStudioVersion = 10.0.40219.1
Project("{2150E333-8FDC-42A3-9474-1A3956D46DE8}") = "Service", "Service", "{F76DF392-629C-4D1C-B114-547B3E8871B0}"
EndProject
Project("{9A19103F-16F7-4668-BE54-9A1E7A4F7556}") = "Hayaa.CodeTool.Service", "Hayaa.CodeTool.Service\Hayaa.CodeTool.Service.csproj", "{D255A97F-2E34-4FBF-9628-937DB59A6810}"
EndProject
Project("{9A19103F-16F7-4668-BE54-9A1E7A4F7556}") = "Hayaa.CodeTool.Service.Core", "Hayaa.CodeTool.Service.Core\Hayaa.CodeTool.Service.Core.csproj", "{B19469E0-F9FB-44C1-8D91-B2267BD6EE22}"
EndProject
Project("{2150E333-8FDC-42A3-9474-1A3956D46DE8}") = "ServicePublish", "ServicePublish", "{901CAEDA-9847-4B97-A6F4-6814DCCF41AA}"
EndProject
Project("{2150E333-8FDC-42A3-9474-1A3956D46DE8}") = "Rpc", "Rpc", "{17CEF314-ECA2-4566-87BD-80F54974F7DC}"
EndProject
Project("{2150E333-8FDC-42A3-9474-1A3956D46DE8}") = "WebSite", "WebSite", "{B6623F95-5554-4DEC-93E9-95069AB9F281}"
EndProject
Project("{2150E333-8FDC-42A3-9474-1A3956D46DE8}") = "Controller", "Controller", "{8F78296E-6F8D-4DBF-8D91-A2E0AE9C279C}"
EndProject
Project("{2150E333-8FDC-42A3-9474-1A3956D46DE8}") = "Sites", "Sites", "{5E51ED6D-D066-4030-92FF-940BF2B13C7A}"
EndProject
Project("{2150E333-8FDC-42A3-9474-1A3956D46DE8}") = "Sql", "Sql", "{CBC1D42D-42A9-42A9-852C-E86C87BEB209}"
EndProject
Project("{2150E333-8FDC-42A3-9474-1A3956D46DE8}") = "iteration2", "iteration2", "{41D75DF4-2CED-4CFC-A33C-4C8CF2C5E158}"
EndProject
Project("{2150E333-8FDC-42A3-9474-1A3956D46DE8}") = "Test", "Test", "{A0AA3AC6-213A-4CCA-9DFF-0AECD681446C}"
EndProject
Project("{9A19103F-16F7-4668-BE54-9A1E7A4F7556}") = "Hayaa.CodeTool.Controller", "Hayaa.CodeTool.Controller\Hayaa.CodeTool.Controller.csproj", "{6F4737DC-F578-4744-BA63-A141B52C0F83}"
EndProject
Project("{9A19103F-16F7-4668-BE54-9A1E7A4F7556}") = "Hayaa.CodeTool.Site", "Hayaa.CodeTool.Site\Hayaa.CodeTool.Site.csproj", "{AC4752CE-16B6-474D-A19A-E2DA30690EA0}"
EndProject
Project("{9A19103F-16F7-4668-BE54-9A1E7A4F7556}") = "XUnitTestProject1", "XUnitTestProject1\XUnitTestProject1.csproj", "{9FB85872-FA97-4EF4-AB72-371C7BD01809}"
EndProject
Global
	GlobalSection(SolutionConfigurationPlatforms) = preSolution
		Debug|Any CPU = Debug|Any CPU
		Release|Any CPU = Release|Any CPU
	EndGlobalSection
	GlobalSection(ProjectConfigurationPlatforms) = postSolution
		{D255A97F-2E34-4FBF-9628-937DB59A6810}.Debug|Any CPU.ActiveCfg = Debug|Any CPU
		{D255A97F-2E34-4FBF-9628-937DB59A6810}.Debug|Any CPU.Build.0 = Debug|Any CPU
		{D255A97F-2E34-4FBF-9628-937DB59A6810}.Release|Any CPU.ActiveCfg = Release|Any CPU
		{D255A97F-2E34-4FBF-9628-937DB59A6810}.Release|Any CPU.Build.0 = Release|Any CPU
		{B19469E0-F9FB-44C1-8D91-B2267BD6EE22}.Debug|Any CPU.ActiveCfg = Debug|Any CPU
		{B19469E0-F9FB-44C1-8D91-B2267BD6EE22}.Debug|Any CPU.Build.0 = Debug|Any CPU
		{B19469E0-F9FB-44C1-8D91-B2267BD6EE22}.Release|Any CPU.ActiveCfg = Release|Any CPU
		{B19469E0-F9FB-44C1-8D91-B2267BD6EE22}.Release|Any CPU.Build.0 = Release|Any CPU
		{6F4737DC-F578-4744-BA63-A141B52C0F83}.Debug|Any CPU.ActiveCfg = Debug|Any CPU
		{6F4737DC-F578-4744-BA63-A141B52C0F83}.Debug|Any CPU.Build.0 = Debug|Any CPU
		{6F4737DC-F578-4744-BA63-A141B52C0F83}.Release|Any CPU.ActiveCfg = Release|Any CPU
		{6F4737DC-F578-4744-BA63-A141B52C0F83}.Release|Any CPU.Build.0 = Release|Any CPU
		{AC4752CE-16B6-474D-A19A-E2DA30690EA0}.Debug|Any CPU.ActiveCfg = Debug|Any CPU
		{AC4752CE-16B6-474D-A19A-E2DA30690EA0}.Debug|Any CPU.Build.0 = Debug|Any CPU
		{AC4752CE-16B6-474D-A19A-E2DA30690EA0}.Release|Any CPU.ActiveCfg = Release|Any CPU
		{AC4752CE-16B6-474D-A19A-E2DA30690EA0}.Release|Any CPU.Build.0 = Release|Any CPU
		{9FB85872-FA97-4EF4-AB72-371C7BD01809}.Debug|Any CPU.ActiveCfg = Debug|Any CPU
		{9FB85872-FA97-4EF4-AB72-371C7BD01809}.Debug|Any CPU.Build.0 = Debug|Any CPU
		{9FB85872-FA97-4EF4-AB72-371C7BD01809}.Release|Any CPU.ActiveCfg = Release|Any CPU
		{9FB85872-FA97-4EF4-AB72-371C7BD01809}.Release|Any CPU.Build.0 = Release|Any CPU
	EndGlobalSection
	GlobalSection(SolutionProperties) = preSolution
		HideSolutionNode = FALSE
	EndGlobalSection
	GlobalSection(NestedProjects) = preSolution
		{D255A97F-2E34-4FBF-9628-937DB59A6810} = {F76DF392-629C-4D1C-B114-547B3E8871B0}
		{B19469E0-F9FB-44C1-8D91-B2267BD6EE22} = {F76DF392-629C-4D1C-B114-547B3E8871B0}
		{17CEF314-ECA2-4566-87BD-80F54974F7DC} = {901CAEDA-9847-4B97-A6F4-6814DCCF41AA}
		{B6623F95-5554-4DEC-93E9-95069AB9F281} = {901CAEDA-9847-4B97-A6F4-6814DCCF41AA}
		{8F78296E-6F8D-4DBF-8D91-A2E0AE9C279C} = {B6623F95-5554-4DEC-93E9-95069AB9F281}
		{5E51ED6D-D066-4030-92FF-940BF2B13C7A} = {B6623F95-5554-4DEC-93E9-95069AB9F281}
		{41D75DF4-2CED-4CFC-A33C-4C8CF2C5E158} = {CBC1D42D-42A9-42A9-852C-E86C87BEB209}
		{6F4737DC-F578-4744-BA63-A141B52C0F83} = {8F78296E-6F8D-4DBF-8D91-A2E0AE9C279C}
		{AC4752CE-16B6-474D-A19A-E2DA30690EA0} = {5E51ED6D-D066-4030-92FF-940BF2B13C7A}
		{9FB85872-FA97-4EF4-AB72-371C7BD01809} = {A0AA3AC6-213A-4CCA-9DFF-0AECD681446C}
	EndGlobalSection
	GlobalSection(ExtensibilityGlobals) = postSolution
		SolutionGuid = {1DC11872-36F6-4A2D-9433-9DEBF088EDE1}
	EndGlobalSection
EndGlobal
