
Microsoft Visual Studio Solution File, Format Version 12.00
# Visual Studio 15
VisualStudioVersion = 15.0.27130.2010
MinimumVisualStudioVersion = 10.0.40219.1
Project("{9A19103F-16F7-4668-BE54-9A1E7A4F7556}") = "Hayaa.ModelService", "Hayaa.ModelService\Hayaa.ModelService.csproj", "{E5D1A2DB-54D1-4601-9E5C-CB4EB8CBBBDC}"
EndProject
Project("{9A19103F-16F7-4668-BE54-9A1E7A4F7556}") = "Hayaa.ModelService.Core", "Hayaa.ModelService.Core\Hayaa.ModelService.Core.csproj", "{CB0B2EC8-90BD-4F8D-98A4-43702D4A019B}"
EndProject
Project("{2150E333-8FDC-42A3-9474-1A3956D46DE8}") = "Tool", "Tool", "{AB2EE257-5258-4DCD-93CE-411F5DC4387E}"
	ProjectSection(SolutionItems) = preProject
		ReadMe.txt = ReadMe.txt
	EndProjectSection
EndProject
Project("{2150E333-8FDC-42A3-9474-1A3956D46DE8}") = "Hayaa.BussinessModelService", "Hayaa.BussinessModelService", "{0A0B7934-AE73-4538-AC72-4D8B285B6F9E}"
EndProject
Project("{2150E333-8FDC-42A3-9474-1A3956D46DE8}") = "Hayaa.CodeTool", "Hayaa.CodeTool", "{361B6FA7-E638-4A9E-A2E5-D86ED9895751}"
EndProject
Project("{9A19103F-16F7-4668-BE54-9A1E7A4F7556}") = "Hayaa.CodeToolService", "Hayaa.CodeToolService\Hayaa.CodeToolService.csproj", "{C75911A1-DCC2-4FFF-8A44-0B82EF9C2402}"
EndProject
Project("{9A19103F-16F7-4668-BE54-9A1E7A4F7556}") = "Hayaa.CodeToolService.Core", "Hayaa.CodeToolService.Core\Hayaa.CodeToolService.Core.csproj", "{906CC715-B036-4672-9901-D58CF45E3F66}"
EndProject
Project("{2150E333-8FDC-42A3-9474-1A3956D46DE8}") = "Test", "Test", "{53FE97EF-1B2A-49E1-9D2D-540E8E943372}"
EndProject
Project("{2150E333-8FDC-42A3-9474-1A3956D46DE8}") = "Hayaa.CodeTool.Framework", "Hayaa.CodeTool.Framework", "{197B1355-8A4E-4CE9-B87C-AC09AD6A53BF}"
EndProject
Project("{9A19103F-16F7-4668-BE54-9A1E7A4F7556}") = "Hayaa.CodeTool.FrameworkService", "Hayaa.CodeToll.FrameworkService\Hayaa.CodeTool.FrameworkService.csproj", "{FBEA211E-CB2A-41FD-A8FF-D3EC35367352}"
EndProject
Project("{9A19103F-16F7-4668-BE54-9A1E7A4F7556}") = "Hayaa.CodeTool.FrameworkService.MultiStorey", "Hayaa.CodeToll.FrameworkService.MultiStorey\Hayaa.CodeTool.FrameworkService.MultiStorey.csproj", "{1CEBDF4A-04AE-4D5A-87AA-96B0267B7BC6}"
EndProject
Project("{9A19103F-16F7-4668-BE54-9A1E7A4F7556}") = "Hayaa.CodeTemplateEngine", "Hayaa.CodeTemplateEngine\Hayaa.CodeTemplateEngine.csproj", "{CEAE163D-C43B-4DCA-B531-056ECB58A714}"
EndProject
Project("{FAE04EC0-301F-11D3-BF4B-00C04F79EFBC}") = "Hayaa.CodeTool", "Hayaa.CodeTool\Hayaa.CodeTool.csproj", "{D24F1F5F-C396-4D70-9ABC-0892D7E5D683}"
EndProject
Project("{9A19103F-16F7-4668-BE54-9A1E7A4F7556}") = "XUnitTestProject", "XUnitTestProject\XUnitTestProject.csproj", "{46B1DB16-67D6-4543-9116-DE5A7EF6682B}"
EndProject
Project("{2150E333-8FDC-42A3-9474-1A3956D46DE8}") = "Sql", "Sql", "{3E1C3E50-A05D-49B3-88CB-EE82D20EF4C3}"
EndProject
Project("{2150E333-8FDC-42A3-9474-1A3956D46DE8}") = "iteration1", "iteration1", "{B95618A3-BAD8-466E-A4C0-918DAF8D254B}"
	ProjectSection(SolutionItems) = preProject
		Sql\Mariadb\iteration1\AutoCode.sql = Sql\Mariadb\iteration1\AutoCode.sql
	EndProjectSection
EndProject
Project("{2150E333-8FDC-42A3-9474-1A3956D46DE8}") = "Site", "Site", "{14F50722-55DB-432E-AEBA-977D315C8CF8}"
EndProject
Project("{2150E333-8FDC-42A3-9474-1A3956D46DE8}") = "Controller", "Controller", "{5ABDCC8F-68B6-48D7-AFDC-94B073B39AE2}"
EndProject
Project("{2150E333-8FDC-42A3-9474-1A3956D46DE8}") = "Site", "Site", "{51F5FE49-ABF0-4227-A88B-614B22FDCC92}"
EndProject
Project("{9A19103F-16F7-4668-BE54-9A1E7A4F7556}") = "Hayaa.AutoCodeController", "Hayaa.AutoCode.Controller\Hayaa.AutoCodeController.csproj", "{340CBB67-13E6-4EA1-80C2-075CB7636505}"
EndProject
Project("{9A19103F-16F7-4668-BE54-9A1E7A4F7556}") = "Hayaa.AutoCodeSite", "Hayaa.AutoCodeSite\Hayaa.AutoCodeSite.csproj", "{83B186DA-38DE-4BEA-AF7E-93F5F79D8879}"
EndProject
Global
	GlobalSection(SolutionConfigurationPlatforms) = preSolution
		Debug|Any CPU = Debug|Any CPU
		Release|Any CPU = Release|Any CPU
	EndGlobalSection
	GlobalSection(ProjectConfigurationPlatforms) = postSolution
		{E5D1A2DB-54D1-4601-9E5C-CB4EB8CBBBDC}.Debug|Any CPU.ActiveCfg = Debug|Any CPU
		{E5D1A2DB-54D1-4601-9E5C-CB4EB8CBBBDC}.Debug|Any CPU.Build.0 = Debug|Any CPU
		{E5D1A2DB-54D1-4601-9E5C-CB4EB8CBBBDC}.Release|Any CPU.ActiveCfg = Release|Any CPU
		{E5D1A2DB-54D1-4601-9E5C-CB4EB8CBBBDC}.Release|Any CPU.Build.0 = Release|Any CPU
		{CB0B2EC8-90BD-4F8D-98A4-43702D4A019B}.Debug|Any CPU.ActiveCfg = Debug|Any CPU
		{CB0B2EC8-90BD-4F8D-98A4-43702D4A019B}.Debug|Any CPU.Build.0 = Debug|Any CPU
		{CB0B2EC8-90BD-4F8D-98A4-43702D4A019B}.Release|Any CPU.ActiveCfg = Release|Any CPU
		{CB0B2EC8-90BD-4F8D-98A4-43702D4A019B}.Release|Any CPU.Build.0 = Release|Any CPU
		{C75911A1-DCC2-4FFF-8A44-0B82EF9C2402}.Debug|Any CPU.ActiveCfg = Debug|Any CPU
		{C75911A1-DCC2-4FFF-8A44-0B82EF9C2402}.Debug|Any CPU.Build.0 = Debug|Any CPU
		{C75911A1-DCC2-4FFF-8A44-0B82EF9C2402}.Release|Any CPU.ActiveCfg = Release|Any CPU
		{C75911A1-DCC2-4FFF-8A44-0B82EF9C2402}.Release|Any CPU.Build.0 = Release|Any CPU
		{906CC715-B036-4672-9901-D58CF45E3F66}.Debug|Any CPU.ActiveCfg = Debug|Any CPU
		{906CC715-B036-4672-9901-D58CF45E3F66}.Debug|Any CPU.Build.0 = Debug|Any CPU
		{906CC715-B036-4672-9901-D58CF45E3F66}.Release|Any CPU.ActiveCfg = Release|Any CPU
		{906CC715-B036-4672-9901-D58CF45E3F66}.Release|Any CPU.Build.0 = Release|Any CPU
		{FBEA211E-CB2A-41FD-A8FF-D3EC35367352}.Debug|Any CPU.ActiveCfg = Debug|Any CPU
		{FBEA211E-CB2A-41FD-A8FF-D3EC35367352}.Debug|Any CPU.Build.0 = Debug|Any CPU
		{FBEA211E-CB2A-41FD-A8FF-D3EC35367352}.Release|Any CPU.ActiveCfg = Release|Any CPU
		{FBEA211E-CB2A-41FD-A8FF-D3EC35367352}.Release|Any CPU.Build.0 = Release|Any CPU
		{1CEBDF4A-04AE-4D5A-87AA-96B0267B7BC6}.Debug|Any CPU.ActiveCfg = Debug|Any CPU
		{1CEBDF4A-04AE-4D5A-87AA-96B0267B7BC6}.Debug|Any CPU.Build.0 = Debug|Any CPU
		{1CEBDF4A-04AE-4D5A-87AA-96B0267B7BC6}.Release|Any CPU.ActiveCfg = Release|Any CPU
		{1CEBDF4A-04AE-4D5A-87AA-96B0267B7BC6}.Release|Any CPU.Build.0 = Release|Any CPU
		{CEAE163D-C43B-4DCA-B531-056ECB58A714}.Debug|Any CPU.ActiveCfg = Debug|Any CPU
		{CEAE163D-C43B-4DCA-B531-056ECB58A714}.Debug|Any CPU.Build.0 = Debug|Any CPU
		{CEAE163D-C43B-4DCA-B531-056ECB58A714}.Release|Any CPU.ActiveCfg = Release|Any CPU
		{CEAE163D-C43B-4DCA-B531-056ECB58A714}.Release|Any CPU.Build.0 = Release|Any CPU
		{D24F1F5F-C396-4D70-9ABC-0892D7E5D683}.Debug|Any CPU.ActiveCfg = Debug|Any CPU
		{D24F1F5F-C396-4D70-9ABC-0892D7E5D683}.Debug|Any CPU.Build.0 = Debug|Any CPU
		{D24F1F5F-C396-4D70-9ABC-0892D7E5D683}.Release|Any CPU.ActiveCfg = Release|Any CPU
		{D24F1F5F-C396-4D70-9ABC-0892D7E5D683}.Release|Any CPU.Build.0 = Release|Any CPU
		{46B1DB16-67D6-4543-9116-DE5A7EF6682B}.Debug|Any CPU.ActiveCfg = Debug|Any CPU
		{46B1DB16-67D6-4543-9116-DE5A7EF6682B}.Debug|Any CPU.Build.0 = Debug|Any CPU
		{46B1DB16-67D6-4543-9116-DE5A7EF6682B}.Release|Any CPU.ActiveCfg = Release|Any CPU
		{46B1DB16-67D6-4543-9116-DE5A7EF6682B}.Release|Any CPU.Build.0 = Release|Any CPU
		{340CBB67-13E6-4EA1-80C2-075CB7636505}.Debug|Any CPU.ActiveCfg = Debug|Any CPU
		{340CBB67-13E6-4EA1-80C2-075CB7636505}.Debug|Any CPU.Build.0 = Debug|Any CPU
		{340CBB67-13E6-4EA1-80C2-075CB7636505}.Release|Any CPU.ActiveCfg = Release|Any CPU
		{340CBB67-13E6-4EA1-80C2-075CB7636505}.Release|Any CPU.Build.0 = Release|Any CPU
		{83B186DA-38DE-4BEA-AF7E-93F5F79D8879}.Debug|Any CPU.ActiveCfg = Debug|Any CPU
		{83B186DA-38DE-4BEA-AF7E-93F5F79D8879}.Debug|Any CPU.Build.0 = Debug|Any CPU
		{83B186DA-38DE-4BEA-AF7E-93F5F79D8879}.Release|Any CPU.ActiveCfg = Release|Any CPU
		{83B186DA-38DE-4BEA-AF7E-93F5F79D8879}.Release|Any CPU.Build.0 = Release|Any CPU
	EndGlobalSection
	GlobalSection(SolutionProperties) = preSolution
		HideSolutionNode = FALSE
	EndGlobalSection
	GlobalSection(NestedProjects) = preSolution
		{E5D1A2DB-54D1-4601-9E5C-CB4EB8CBBBDC} = {0A0B7934-AE73-4538-AC72-4D8B285B6F9E}
		{CB0B2EC8-90BD-4F8D-98A4-43702D4A019B} = {0A0B7934-AE73-4538-AC72-4D8B285B6F9E}
		{C75911A1-DCC2-4FFF-8A44-0B82EF9C2402} = {361B6FA7-E638-4A9E-A2E5-D86ED9895751}
		{906CC715-B036-4672-9901-D58CF45E3F66} = {361B6FA7-E638-4A9E-A2E5-D86ED9895751}
		{FBEA211E-CB2A-41FD-A8FF-D3EC35367352} = {197B1355-8A4E-4CE9-B87C-AC09AD6A53BF}
		{1CEBDF4A-04AE-4D5A-87AA-96B0267B7BC6} = {197B1355-8A4E-4CE9-B87C-AC09AD6A53BF}
		{CEAE163D-C43B-4DCA-B531-056ECB58A714} = {197B1355-8A4E-4CE9-B87C-AC09AD6A53BF}
		{D24F1F5F-C396-4D70-9ABC-0892D7E5D683} = {361B6FA7-E638-4A9E-A2E5-D86ED9895751}
		{46B1DB16-67D6-4543-9116-DE5A7EF6682B} = {53FE97EF-1B2A-49E1-9D2D-540E8E943372}
		{B95618A3-BAD8-466E-A4C0-918DAF8D254B} = {3E1C3E50-A05D-49B3-88CB-EE82D20EF4C3}
		{5ABDCC8F-68B6-48D7-AFDC-94B073B39AE2} = {14F50722-55DB-432E-AEBA-977D315C8CF8}
		{51F5FE49-ABF0-4227-A88B-614B22FDCC92} = {14F50722-55DB-432E-AEBA-977D315C8CF8}
		{340CBB67-13E6-4EA1-80C2-075CB7636505} = {5ABDCC8F-68B6-48D7-AFDC-94B073B39AE2}
		{83B186DA-38DE-4BEA-AF7E-93F5F79D8879} = {51F5FE49-ABF0-4227-A88B-614B22FDCC92}
	EndGlobalSection
	GlobalSection(ExtensibilityGlobals) = postSolution
		SolutionGuid = {372A6428-6F11-4D99-B8E9-AA7A062F9FDF}
	EndGlobalSection
EndGlobal
