
Microsoft Visual Studio Solution File, Format Version 12.00
# Visual Studio 15
VisualStudioVersion = 15.0.26730.12
MinimumVisualStudioVersion = 10.0.40219.1
Project("{FAE04EC0-301F-11D3-BF4B-00C04F79EFBC}") = "CodeTool", "CodeTool\CodeTool.csproj", "{08B89AE9-31D7-4B31-AF52-C3B69392F4F3}"
EndProject
Global
	GlobalSection(SolutionConfigurationPlatforms) = preSolution
		Debug|Any CPU = Debug|Any CPU
		Release|Any CPU = Release|Any CPU
	EndGlobalSection
	GlobalSection(ProjectConfigurationPlatforms) = postSolution
		{08B89AE9-31D7-4B31-AF52-C3B69392F4F3}.Debug|Any CPU.ActiveCfg = Debug|Any CPU
		{08B89AE9-31D7-4B31-AF52-C3B69392F4F3}.Debug|Any CPU.Build.0 = Debug|Any CPU
		{08B89AE9-31D7-4B31-AF52-C3B69392F4F3}.Release|Any CPU.ActiveCfg = Release|Any CPU
		{08B89AE9-31D7-4B31-AF52-C3B69392F4F3}.Release|Any CPU.Build.0 = Release|Any CPU
	EndGlobalSection
	GlobalSection(SolutionProperties) = preSolution
		HideSolutionNode = FALSE
	EndGlobalSection
	GlobalSection(ExtensibilityGlobals) = postSolution
		SolutionGuid = {59944C4D-14C1-451D-AE1A-BC6766B48BAB}
	EndGlobalSection
EndGlobal
